
Microsoft Visual Studio Solution File, Format Version 12.00
# Visual Studio Version 16
VisualStudioVersion = 25.0.1706.14
MinimumVisualStudioVersion = 10.0.40219.1
Project("{FAE04EC0-301F-11D3-BF4B-00C04F79EFBC}") = "ShopBaker", "ShopBaker\ShopBaker.csproj", "{DE0BCE07-E86C-4E71-9E8C-AD1315D0053E}"
EndProject
Global
	GlobalSection(SolutionConfigurationPlatforms) = preSolution
		Debug|Any CPU = Debug|Any CPU
		Release|Any CPU = Release|Any CPU
	EndGlobalSection
	GlobalSection(ProjectConfigurationPlatforms) = postSolution
		{DE0BCE07-E86C-4E71-9E8C-AD1315D0053E}.Debug|Any CPU.ActiveCfg = Debug|Any CPU
		{DE0BCE07-E86C-4E71-9E8C-AD1315D0053E}.Debug|Any CPU.Build.0 = Debug|Any CPU
		{DE0BCE07-E86C-4E71-9E8C-AD1315D0053E}.Release|Any CPU.ActiveCfg = Release|Any CPU
		{DE0BCE07-E86C-4E71-9E8C-AD1315D0053E}.Release|Any CPU.Build.0 = Release|Any CPU
	EndGlobalSection
	GlobalSection(SolutionProperties) = preSolution
		HideSolutionNode = FALSE
	EndGlobalSection
	GlobalSection(ExtensibilityGlobals) = postSolution
		SolutionGuid = {859646C4-2154-4B9F-9097-537AF0834761}
	EndGlobalSection
EndGlobal
